
Microsoft Visual Studio Solution File, Format Version 12.00
# Visual Studio Version 16
VisualStudioVersion = 16.0.30611.23
MinimumVisualStudioVersion = 10.0.40219.1
Project("{FAE04EC0-301F-11D3-BF4B-00C04F79EFBC}") = "MongoCosmosDb.Example", "MongoCosmosDb.Example\MongoCosmosDb.Example.csproj", "{6994999B-281C-4511-A6F2-A67DD43BFA3A}"
EndProject
Global
	GlobalSection(SolutionConfigurationPlatforms) = preSolution
		Debug|Any CPU = Debug|Any CPU
		Release|Any CPU = Release|Any CPU
	EndGlobalSection
	GlobalSection(ProjectConfigurationPlatforms) = postSolution
		{6994999B-281C-4511-A6F2-A67DD43BFA3A}.Debug|Any CPU.ActiveCfg = Debug|Any CPU
		{6994999B-281C-4511-A6F2-A67DD43BFA3A}.Debug|Any CPU.Build.0 = Debug|Any CPU
		{6994999B-281C-4511-A6F2-A67DD43BFA3A}.Release|Any CPU.ActiveCfg = Release|Any CPU
		{6994999B-281C-4511-A6F2-A67DD43BFA3A}.Release|Any CPU.Build.0 = Release|Any CPU
	EndGlobalSection
	GlobalSection(SolutionProperties) = preSolution
		HideSolutionNode = FALSE
	EndGlobalSection
	GlobalSection(ExtensibilityGlobals) = postSolution
		SolutionGuid = {A3A3EF47-7696-4139-8B71-78EEEA76ED11}
	EndGlobalSection
EndGlobal
